
Microsoft Visual Studio Solution File, Format Version 12.00
# Visual Studio Version 16
VisualStudioVersion = 16.0.31129.286
MinimumVisualStudioVersion = 10.0.40219.1
Project("{FAE04EC0-301F-11D3-BF4B-00C04F79EFBC}") = "IPSMaliciosos", "IPSMaliciosos.csproj", "{05E08C1B-4B78-43E9-820D-17927D0028F3}"
EndProject
Global
	GlobalSection(SolutionConfigurationPlatforms) = preSolution
		Debug|Any CPU = Debug|Any CPU
		Release|Any CPU = Release|Any CPU
	EndGlobalSection
	GlobalSection(ProjectConfigurationPlatforms) = postSolution
		{05E08C1B-4B78-43E9-820D-17927D0028F3}.Debug|Any CPU.ActiveCfg = Debug|Any CPU
		{05E08C1B-4B78-43E9-820D-17927D0028F3}.Debug|Any CPU.Build.0 = Debug|Any CPU
		{05E08C1B-4B78-43E9-820D-17927D0028F3}.Release|Any CPU.ActiveCfg = Release|Any CPU
		{05E08C1B-4B78-43E9-820D-17927D0028F3}.Release|Any CPU.Build.0 = Release|Any CPU
	EndGlobalSection
	GlobalSection(SolutionProperties) = preSolution
		HideSolutionNode = FALSE
	EndGlobalSection
	GlobalSection(ExtensibilityGlobals) = postSolution
		SolutionGuid = {85D98F99-7284-4BDA-A474-B0D3995A636C}
	EndGlobalSection
EndGlobal
